// !$*UTF8*$!
{
	archiveVersion = 1;
	classes = {
	};
	objectVersion = 56;
	objects = {

/* Begin PBXBuildFile section */
		A4C7290E2A599267004651F6 /* WatchFaceApp.swift in Sources */ = {isa = PBXBuildFile; fileRef = A4C7290D2A599267004651F6 /* WatchFaceApp.swift */; };
		A4C729102A599267004651F6 /* Persistence.swift in Sources */ = {isa = PBXBuildFile; fileRef = A4C7290F2A599267004651F6 /* Persistence.swift */; };
		A4C729132A599267004651F6 /* WatchFace.xcdatamodeld in Sources */ = {isa = PBXBuildFile; fileRef = A4C729112A599267004651F6 /* WatchFace.xcdatamodeld */; };
		A4C729152A599267004651F6 /* ContentView.swift in Sources */ = {isa = PBXBuildFile; fileRef = A4C729142A599267004651F6 /* ContentView.swift */; };
		A4C729172A599268004651F6 /* Assets.xcassets in Resources */ = {isa = PBXBuildFile; fileRef = A4C729162A599268004651F6 /* Assets.xcassets */; };
		A4C7291B2A599268004651F6 /* Preview Assets.xcassets in Resources */ = {isa = PBXBuildFile; fileRef = A4C7291A2A599268004651F6 /* Preview Assets.xcassets */; };
		A4C729252A599268004651F6 /* WatchFaceTests.swift in Sources */ = {isa = PBXBuildFile; fileRef = A4C729242A599268004651F6 /* WatchFaceTests.swift */; };
		A4C7292F2A599268004651F6 /* WatchFaceUITests.swift in Sources */ = {isa = PBXBuildFile; fileRef = A4C7292E2A599268004651F6 /* WatchFaceUITests.swift */; };
		A4C729312A599268004651F6 /* WatchFaceUITestsLaunchTests.swift in Sources */ = {isa = PBXBuildFile; fileRef = A4C729302A599268004651F6 /* WatchFaceUITestsLaunchTests.swift */; };
		A4C7293E2A599547004651F6 /* WatchMain.swift in Sources */ = {isa = PBXBuildFile; fileRef = A4C7293D2A599547004651F6 /* WatchMain.swift */; };
		A4C7293F2A599547004651F6 /* WatchMain.swift in Sources */ = {isa = PBXBuildFile; fileRef = A4C7293D2A599547004651F6 /* WatchMain.swift */; };
		A4C729402A599547004651F6 /* WatchMain.swift in Sources */ = {isa = PBXBuildFile; fileRef = A4C7293D2A599547004651F6 /* WatchMain.swift */; };
		A4C729432A59969B004651F6 /* Components.swift in Sources */ = {isa = PBXBuildFile; fileRef = A4C729422A59969B004651F6 /* Components.swift */; };
		A4C729442A59969B004651F6 /* Components.swift in Sources */ = {isa = PBXBuildFile; fileRef = A4C729422A59969B004651F6 /* Components.swift */; };
		A4C729452A59969B004651F6 /* Components.swift in Sources */ = {isa = PBXBuildFile; fileRef = A4C729422A59969B004651F6 /* Components.swift */; };
/* End PBXBuildFile section */

/* Begin PBXContainerItemProxy section */
		A4C729212A599268004651F6 /* PBXContainerItemProxy */ = {
			isa = PBXContainerItemProxy;
			containerPortal = A4C729022A599267004651F6 /* Project object */;
			proxyType = 1;
			remoteGlobalIDString = A4C729092A599267004651F6;
			remoteInfo = WatchFace;
		};
		A4C7292B2A599268004651F6 /* PBXContainerItemProxy */ = {
			isa = PBXContainerItemProxy;
			containerPortal = A4C729022A599267004651F6 /* Project object */;
			proxyType = 1;
			remoteGlobalIDString = A4C729092A599267004651F6;
			remoteInfo = WatchFace;
		};
/* End PBXContainerItemProxy section */

/* Begin PBXFileReference section */
		A4C7290A2A599267004651F6 /* WatchFace.app */ = {isa = PBXFileReference; explicitFileType = wrapper.application; includeInIndex = 0; path = WatchFace.app; sourceTree = BUILT_PRODUCTS_DIR; };
		A4C7290D2A599267004651F6 /* WatchFaceApp.swift */ = {isa = PBXFileReference; lastKnownFileType = sourcecode.swift; path = WatchFaceApp.swift; sourceTree = "<group>"; };
		A4C7290F2A599267004651F6 /* Persistence.swift */ = {isa = PBXFileReference; lastKnownFileType = sourcecode.swift; path = Persistence.swift; sourceTree = "<group>"; };
		A4C729122A599267004651F6 /* WatchFace.xcdatamodel */ = {isa = PBXFileReference; lastKnownFileType = wrapper.xcdatamodel; path = WatchFace.xcdatamodel; sourceTree = "<group>"; };
		A4C729142A599267004651F6 /* ContentView.swift */ = {isa = PBXFileReference; lastKnownFileType = sourcecode.swift; path = ContentView.swift; sourceTree = "<group>"; };
		A4C729162A599268004651F6 /* Assets.xcassets */ = {isa = PBXFileReference; lastKnownFileType = folder.assetcatalog; path = Assets.xcassets; sourceTree = "<group>"; };
		A4C729182A599268004651F6 /* WatchFace.entitlements */ = {isa = PBXFileReference; lastKnownFileType = text.plist.entitlements; path = WatchFace.entitlements; sourceTree = "<group>"; };
		A4C7291A2A599268004651F6 /* Preview Assets.xcassets */ = {isa = PBXFileReference; lastKnownFileType = folder.assetcatalog; path = "Preview Assets.xcassets"; sourceTree = "<group>"; };
		A4C729202A599268004651F6 /* WatchFaceTests.xctest */ = {isa = PBXFileReference; explicitFileType = wrapper.cfbundle; includeInIndex = 0; path = WatchFaceTests.xctest; sourceTree = BUILT_PRODUCTS_DIR; };
		A4C729242A599268004651F6 /* WatchFaceTests.swift */ = {isa = PBXFileReference; lastKnownFileType = sourcecode.swift; path = WatchFaceTests.swift; sourceTree = "<group>"; };
		A4C7292A2A599268004651F6 /* WatchFaceUITests.xctest */ = {isa = PBXFileReference; explicitFileType = wrapper.cfbundle; includeInIndex = 0; path = WatchFaceUITests.xctest; sourceTree = BUILT_PRODUCTS_DIR; };
		A4C7292E2A599268004651F6 /* WatchFaceUITests.swift */ = {isa = PBXFileReference; lastKnownFileType = sourcecode.swift; path = WatchFaceUITests.swift; sourceTree = "<group>"; };
		A4C729302A599268004651F6 /* WatchFaceUITestsLaunchTests.swift */ = {isa = PBXFileReference; lastKnownFileType = sourcecode.swift; path = WatchFaceUITestsLaunchTests.swift; sourceTree = "<group>"; };
		A4C7293D2A599547004651F6 /* WatchMain.swift */ = {isa = PBXFileReference; lastKnownFileType = sourcecode.swift; path = WatchMain.swift; sourceTree = "<group>"; };
		A4C729422A59969B004651F6 /* Components.swift */ = {isa = PBXFileReference; lastKnownFileType = sourcecode.swift; path = Components.swift; sourceTree = "<group>"; };
/* End PBXFileReference section */

/* Begin PBXFrameworksBuildPhase section */
		A4C729072A599267004651F6 /* Frameworks */ = {
			isa = PBXFrameworksBuildPhase;
			buildActionMask = 2147483647;
			files = (
			);
			runOnlyForDeploymentPostprocessing = 0;
		};
		A4C7291D2A599268004651F6 /* Frameworks */ = {
			isa = PBXFrameworksBuildPhase;
			buildActionMask = 2147483647;
			files = (
			);
			runOnlyForDeploymentPostprocessing = 0;
		};
		A4C729272A599268004651F6 /* Frameworks */ = {
			isa = PBXFrameworksBuildPhase;
			buildActionMask = 2147483647;
			files = (
			);
			runOnlyForDeploymentPostprocessing = 0;
		};
/* End PBXFrameworksBuildPhase section */

/* Begin PBXGroup section */
		A4C729012A599267004651F6 = {
			isa = PBXGroup;
			children = (
				A4C7290C2A599267004651F6 /* WatchFace */,
				A4C729232A599268004651F6 /* WatchFaceTests */,
				A4C7292D2A599268004651F6 /* WatchFaceUITests */,
				A4C7290B2A599267004651F6 /* Products */,
			);
			sourceTree = "<group>";
		};
		A4C7290B2A599267004651F6 /* Products */ = {
			isa = PBXGroup;
			children = (
				A4C7290A2A599267004651F6 /* WatchFace.app */,
				A4C729202A599268004651F6 /* WatchFaceTests.xctest */,
				A4C7292A2A599268004651F6 /* WatchFaceUITests.xctest */,
			);
			name = Products;
			sourceTree = "<group>";
		};
		A4C7290C2A599267004651F6 /* WatchFace */ = {
			isa = PBXGroup;
			children = (
				A4C729412A59965D004651F6 /* Clock Components */,
				A4C7290D2A599267004651F6 /* WatchFaceApp.swift */,
				A4C7290F2A599267004651F6 /* Persistence.swift */,
				A4C729142A599267004651F6 /* ContentView.swift */,
				A4C7293D2A599547004651F6 /* WatchMain.swift */,
				A4C729162A599268004651F6 /* Assets.xcassets */,
				A4C729182A599268004651F6 /* WatchFace.entitlements */,
				A4C729112A599267004651F6 /* WatchFace.xcdatamodeld */,
				A4C729192A599268004651F6 /* Preview Content */,
			);
			path = WatchFace;
			sourceTree = "<group>";
		};
		A4C729192A599268004651F6 /* Preview Content */ = {
			isa = PBXGroup;
			children = (
				A4C7291A2A599268004651F6 /* Preview Assets.xcassets */,
			);
			path = "Preview Content";
			sourceTree = "<group>";
		};
		A4C729232A599268004651F6 /* WatchFaceTests */ = {
			isa = PBXGroup;
			children = (
				A4C729242A599268004651F6 /* WatchFaceTests.swift */,
			);
			path = WatchFaceTests;
			sourceTree = "<group>";
		};
		A4C7292D2A599268004651F6 /* WatchFaceUITests */ = {
			isa = PBXGroup;
			children = (
				A4C7292E2A599268004651F6 /* WatchFaceUITests.swift */,
				A4C729302A599268004651F6 /* WatchFaceUITestsLaunchTests.swift */,
			);
			path = WatchFaceUITests;
			sourceTree = "<group>";
		};
		A4C729412A59965D004651F6 /* Clock Components */ = {
			isa = PBXGroup;
			children = (
				A4C729422A59969B004651F6 /* Components.swift */,
			);
			path = "Clock Components";
			sourceTree = "<group>";
		};
/* End PBXGroup section */

/* Begin PBXNativeTarget section */
		A4C729092A599267004651F6 /* WatchFace */ = {
			isa = PBXNativeTarget;
			buildConfigurationList = A4C729342A599268004651F6 /* Build configuration list for PBXNativeTarget "WatchFace" */;
			buildPhases = (
				A4C729062A599267004651F6 /* Sources */,
				A4C729072A599267004651F6 /* Frameworks */,
				A4C729082A599267004651F6 /* Resources */,
			);
			buildRules = (
			);
			dependencies = (
			);
			name = WatchFace;
			productName = WatchFace;
			productReference = A4C7290A2A599267004651F6 /* WatchFace.app */;
			productType = "com.apple.product-type.application";
		};
		A4C7291F2A599268004651F6 /* WatchFaceTests */ = {
			isa = PBXNativeTarget;
			buildConfigurationList = A4C729372A599268004651F6 /* Build configuration list for PBXNativeTarget "WatchFaceTests" */;
			buildPhases = (
				A4C7291C2A599268004651F6 /* Sources */,
				A4C7291D2A599268004651F6 /* Frameworks */,
				A4C7291E2A599268004651F6 /* Resources */,
			);
			buildRules = (
			);
			dependencies = (
				A4C729222A599268004651F6 /* PBXTargetDependency */,
			);
			name = WatchFaceTests;
			productName = WatchFaceTests;
			productReference = A4C729202A599268004651F6 /* WatchFaceTests.xctest */;
			productType = "com.apple.product-type.bundle.unit-test";
		};
		A4C729292A599268004651F6 /* WatchFaceUITests */ = {
			isa = PBXNativeTarget;
			buildConfigurationList = A4C7293A2A599268004651F6 /* Build configuration list for PBXNativeTarget "WatchFaceUITests" */;
			buildPhases = (
				A4C729262A599268004651F6 /* Sources */,
				A4C729272A599268004651F6 /* Frameworks */,
				A4C729282A599268004651F6 /* Resources */,
			);
			buildRules = (
			);
			dependencies = (
				A4C7292C2A599268004651F6 /* PBXTargetDependency */,
			);
			name = WatchFaceUITests;
			productName = WatchFaceUITests;
			productReference = A4C7292A2A599268004651F6 /* WatchFaceUITests.xctest */;
			productType = "com.apple.product-type.bundle.ui-testing";
		};
/* End PBXNativeTarget section */

/* Begin PBXProject section */
		A4C729022A599267004651F6 /* Project object */ = {
			isa = PBXProject;
			attributes = {
				BuildIndependentTargetsInParallel = 1;
				LastSwiftUpdateCheck = 1420;
				LastUpgradeCheck = 1420;
				TargetAttributes = {
					A4C729092A599267004651F6 = {
						CreatedOnToolsVersion = 14.2;
					};
					A4C7291F2A599268004651F6 = {
						CreatedOnToolsVersion = 14.2;
						TestTargetID = A4C729092A599267004651F6;
					};
					A4C729292A599268004651F6 = {
						CreatedOnToolsVersion = 14.2;
						TestTargetID = A4C729092A599267004651F6;
					};
				};
			};
			buildConfigurationList = A4C729052A599267004651F6 /* Build configuration list for PBXProject "WatchFace" */;
			compatibilityVersion = "Xcode 14.0";
			developmentRegion = en;
			hasScannedForEncodings = 0;
			knownRegions = (
				en,
				Base,
			);
			mainGroup = A4C729012A599267004651F6;
			productRefGroup = A4C7290B2A599267004651F6 /* Products */;
			projectDirPath = "";
			projectRoot = "";
			targets = (
				A4C729092A599267004651F6 /* WatchFace */,
				A4C7291F2A599268004651F6 /* WatchFaceTests */,
				A4C729292A599268004651F6 /* WatchFaceUITests */,
			);
		};
/* End PBXProject section */

/* Begin PBXResourcesBuildPhase section */
		A4C729082A599267004651F6 /* Resources */ = {
			isa = PBXResourcesBuildPhase;
			buildActionMask = 2147483647;
			files = (
				A4C7291B2A599268004651F6 /* Preview Assets.xcassets in Resources */,
				A4C729172A599268004651F6 /* Assets.xcassets in Resources */,
			);
			runOnlyForDeploymentPostprocessing = 0;
		};
		A4C7291E2A599268004651F6 /* Resources */ = {
			isa = PBXResourcesBuildPhase;
			buildActionMask = 2147483647;
			files = (
			);
			runOnlyForDeploymentPostprocessing = 0;
		};
		A4C729282A599268004651F6 /* Resources */ = {
			isa = PBXResourcesBuildPhase;
			buildActionMask = 2147483647;
			files = (
			);
			runOnlyForDeploymentPostprocessing = 0;
		};
/* End PBXResourcesBuildPhase section */

/* Begin PBXSourcesBuildPhase section */
		A4C729062A599267004651F6 /* Sources */ = {
			isa = PBXSourcesBuildPhase;
			buildActionMask = 2147483647;
			files = (
				A4C7290E2A599267004651F6 /* WatchFaceApp.swift in Sources */,
				A4C729432A59969B004651F6 /* Components.swift in Sources */,
				A4C729102A599267004651F6 /* Persistence.swift in Sources */,
				A4C7293E2A599547004651F6 /* WatchMain.swift in Sources */,
				A4C729152A599267004651F6 /* ContentView.swift in Sources */,
				A4C729132A599267004651F6 /* WatchFace.xcdatamodeld in Sources */,
			);
			runOnlyForDeploymentPostprocessing = 0;
		};
		A4C7291C2A599268004651F6 /* Sources */ = {
			isa = PBXSourcesBuildPhase;
			buildActionMask = 2147483647;
			files = (
				A4C7293F2A599547004651F6 /* WatchMain.swift in Sources */,
				A4C729442A59969B004651F6 /* Components.swift in Sources */,
				A4C729252A599268004651F6 /* WatchFaceTests.swift in Sources */,
			);
			runOnlyForDeploymentPostprocessing = 0;
		};
		A4C729262A599268004651F6 /* Sources */ = {
			isa = PBXSourcesBuildPhase;
			buildActionMask = 2147483647;
			files = (
				A4C7292F2A599268004651F6 /* WatchFaceUITests.swift in Sources */,
				A4C729452A59969B004651F6 /* Components.swift in Sources */,
				A4C729312A599268004651F6 /* WatchFaceUITestsLaunchTests.swift in Sources */,
				A4C729402A599547004651F6 /* WatchMain.swift in Sources */,
			);
			runOnlyForDeploymentPostprocessing = 0;
		};
/* End PBXSourcesBuildPhase section */

/* Begin PBXTargetDependency section */
		A4C729222A599268004651F6 /* PBXTargetDependency */ = {
			isa = PBXTargetDependency;
			target = A4C729092A599267004651F6 /* WatchFace */;
			targetProxy = A4C729212A599268004651F6 /* PBXContainerItemProxy */;
		};
		A4C7292C2A599268004651F6 /* PBXTargetDependency */ = {
			isa = PBXTargetDependency;
			target = A4C729092A599267004651F6 /* WatchFace */;
			targetProxy = A4C7292B2A599268004651F6 /* PBXContainerItemProxy */;
		};
/* End PBXTargetDependency section */

/* Begin XCBuildConfiguration section */
		A4C729322A599268004651F6 /* Debug */ = {
			isa = XCBuildConfiguration;
			buildSettings = {
				ALWAYS_SEARCH_USER_PATHS = NO;
				CLANG_ANALYZER_NONNULL = YES;
				CLANG_ANALYZER_NUMBER_OBJECT_CONVERSION = YES_AGGRESSIVE;
				CLANG_CXX_LANGUAGE_STANDARD = "gnu++20";
				CLANG_ENABLE_MODULES = YES;
				CLANG_ENABLE_OBJC_ARC = YES;
				CLANG_ENABLE_OBJC_WEAK = YES;
				CLANG_WARN_BLOCK_CAPTURE_AUTORELEASING = YES;
				CLANG_WARN_BOOL_CONVERSION = YES;
				CLANG_WARN_COMMA = YES;
				CLANG_WARN_CONSTANT_CONVERSION = YES;
				CLANG_WARN_DEPRECATED_OBJC_IMPLEMENTATIONS = YES;
				CLANG_WARN_DIRECT_OBJC_ISA_USAGE = YES_ERROR;
				CLANG_WARN_DOCUMENTATION_COMMENTS = YES;
				CLANG_WARN_EMPTY_BODY = YES;
				CLANG_WARN_ENUM_CONVERSION = YES;
				CLANG_WARN_INFINITE_RECURSION = YES;
				CLANG_WARN_INT_CONVERSION = YES;
				CLANG_WARN_NON_LITERAL_NULL_CONVERSION = YES;
				CLANG_WARN_OBJC_IMPLICIT_RETAIN_SELF = YES;
				CLANG_WARN_OBJC_LITERAL_CONVERSION = YES;
				CLANG_WARN_OBJC_ROOT_CLASS = YES_ERROR;
				CLANG_WARN_QUOTED_INCLUDE_IN_FRAMEWORK_HEADER = YES;
				CLANG_WARN_RANGE_LOOP_ANALYSIS = YES;
				CLANG_WARN_STRICT_PROTOTYPES = YES;
				CLANG_WARN_SUSPICIOUS_MOVE = YES;
				CLANG_WARN_UNGUARDED_AVAILABILITY = YES_AGGRESSIVE;
				CLANG_WARN_UNREACHABLE_CODE = YES;
				CLANG_WARN__DUPLICATE_METHOD_MATCH = YES;
				COPY_PHASE_STRIP = NO;
				DEBUG_INFORMATION_FORMAT = dwarf;
				ENABLE_STRICT_OBJC_MSGSEND = YES;
				ENABLE_TESTABILITY = YES;
				GCC_C_LANGUAGE_STANDARD = gnu11;
				GCC_DYNAMIC_NO_PIC = NO;
				GCC_NO_COMMON_BLOCKS = YES;
				GCC_OPTIMIZATION_LEVEL = 0;
				GCC_PREPROCESSOR_DEFINITIONS = (
					"DEBUG=1",
					"$(inherited)",
				);
				GCC_WARN_64_TO_32_BIT_CONVERSION = YES;
				GCC_WARN_ABOUT_RETURN_TYPE = YES_ERROR;
				GCC_WARN_UNDECLARED_SELECTOR = YES;
				GCC_WARN_UNINITIALIZED_AUTOS = YES_AGGRESSIVE;
				GCC_WARN_UNUSED_FUNCTION = YES;
				GCC_WARN_UNUSED_VARIABLE = YES;
				MTL_ENABLE_DEBUG_INFO = INCLUDE_SOURCE;
				MTL_FAST_MATH = YES;
				ONLY_ACTIVE_ARCH = YES;
				SWIFT_ACTIVE_COMPILATION_CONDITIONS = DEBUG;
				SWIFT_OPTIMIZATION_LEVEL = "-Onone";
			};
			name = Debug;
		};
		A4C729332A599268004651F6 /* Release */ = {
			isa = XCBuildConfiguration;
			buildSettings = {
				ALWAYS_SEARCH_USER_PATHS = NO;
				CLANG_ANALYZER_NONNULL = YES;
				CLANG_ANALYZER_NUMBER_OBJECT_CONVERSION = YES_AGGRESSIVE;
				CLANG_CXX_LANGUAGE_STANDARD = "gnu++20";
				CLANG_ENABLE_MODULES = YES;
				CLANG_ENABLE_OBJC_ARC = YES;
				CLANG_ENABLE_OBJC_WEAK = YES;
				CLANG_WARN_BLOCK_CAPTURE_AUTORELEASING = YES;
				CLANG_WARN_BOOL_CONVERSION = YES;
				CLANG_WARN_COMMA = YES;
				CLANG_WARN_CONSTANT_CONVERSION = YES;
				CLANG_WARN_DEPRECATED_OBJC_IMPLEMENTATIONS = YES;
				CLANG_WARN_DIRECT_OBJC_ISA_USAGE = YES_ERROR;
				CLANG_WARN_DOCUMENTATION_COMMENTS = YES;
				CLANG_WARN_EMPTY_BODY = YES;
				CLANG_WARN_ENUM_CONVERSION = YES;
				CLANG_WARN_INFINITE_RECURSION = YES;
				CLANG_WARN_INT_CONVERSION = YES;
				CLANG_WARN_NON_LITERAL_NULL_CONVERSION = YES;
				CLANG_WARN_OBJC_IMPLICIT_RETAIN_SELF = YES;
				CLANG_WARN_OBJC_LITERAL_CONVERSION = YES;
				CLANG_WARN_OBJC_ROOT_CLASS = YES_ERROR;
				CLANG_WARN_QUOTED_INCLUDE_IN_FRAMEWORK_HEADER = YES;
				CLANG_WARN_RANGE_LOOP_ANALYSIS = YES;
				CLANG_WARN_STRICT_PROTOTYPES = YES;
				CLANG_WARN_SUSPICIOUS_MOVE = YES;
				CLANG_WARN_UNGUARDED_AVAILABILITY = YES_AGGRESSIVE;
				CLANG_WARN_UNREACHABLE_CODE = YES;
				CLANG_WARN__DUPLICATE_METHOD_MATCH = YES;
				COPY_PHASE_STRIP = NO;
				DEBUG_INFORMATION_FORMAT = "dwarf-with-dsym";
				ENABLE_NS_ASSERTIONS = NO;
				ENABLE_STRICT_OBJC_MSGSEND = YES;
				GCC_C_LANGUAGE_STANDARD = gnu11;
				GCC_NO_COMMON_BLOCKS = YES;
				GCC_WARN_64_TO_32_BIT_CONVERSION = YES;
				GCC_WARN_ABOUT_RETURN_TYPE = YES_ERROR;
				GCC_WARN_UNDECLARED_SELECTOR = YES;
				GCC_WARN_UNINITIALIZED_AUTOS = YES_AGGRESSIVE;
				GCC_WARN_UNUSED_FUNCTION = YES;
				GCC_WARN_UNUSED_VARIABLE = YES;
				MTL_ENABLE_DEBUG_INFO = NO;
				MTL_FAST_MATH = YES;
				SWIFT_COMPILATION_MODE = wholemodule;
				SWIFT_OPTIMIZATION_LEVEL = "-O";
			};
			name = Release;
		};
		A4C729352A599268004651F6 /* Debug */ = {
			isa = XCBuildConfiguration;
			buildSettings = {
				ASSETCATALOG_COMPILER_APPICON_NAME = AppIcon;
				ASSETCATALOG_COMPILER_GLOBAL_ACCENT_COLOR_NAME = AccentColor;
				CODE_SIGN_ENTITLEMENTS = WatchFace/WatchFace.entitlements;
				CODE_SIGN_STYLE = Automatic;
				CURRENT_PROJECT_VERSION = 1;
				DEVELOPMENT_ASSET_PATHS = "\"WatchFace/Preview Content\"";
				ENABLE_PREVIEWS = YES;
				GENERATE_INFOPLIST_FILE = YES;
				"INFOPLIST_KEY_UIApplicationSceneManifest_Generation[sdk=iphoneos*]" = YES;
				"INFOPLIST_KEY_UIApplicationSceneManifest_Generation[sdk=iphonesimulator*]" = YES;
				"INFOPLIST_KEY_UIApplicationSupportsIndirectInputEvents[sdk=iphoneos*]" = YES;
				"INFOPLIST_KEY_UIApplicationSupportsIndirectInputEvents[sdk=iphonesimulator*]" = YES;
				"INFOPLIST_KEY_UILaunchScreen_Generation[sdk=iphoneos*]" = YES;
				"INFOPLIST_KEY_UILaunchScreen_Generation[sdk=iphonesimulator*]" = YES;
				"INFOPLIST_KEY_UIStatusBarStyle[sdk=iphoneos*]" = UIStatusBarStyleDefault;
				"INFOPLIST_KEY_UIStatusBarStyle[sdk=iphonesimulator*]" = UIStatusBarStyleDefault;
				INFOPLIST_KEY_UISupportedInterfaceOrientations_iPad = "UIInterfaceOrientationPortrait UIInterfaceOrientationPortraitUpsideDown UIInterfaceOrientationLandscapeLeft UIInterfaceOrientationLandscapeRight";
				INFOPLIST_KEY_UISupportedInterfaceOrientations_iPhone = "UIInterfaceOrientationPortrait UIInterfaceOrientationLandscapeLeft UIInterfaceOrientationLandscapeRight";
				IPHONEOS_DEPLOYMENT_TARGET = 16.2;
				LD_RUNPATH_SEARCH_PATHS = "@executable_path/Frameworks";
				"LD_RUNPATH_SEARCH_PATHS[sdk=macosx*]" = "@executable_path/../Frameworks";
				MACOSX_DEPLOYMENT_TARGET = 12.5;
				MARKETING_VERSION = 1.0;
				PRODUCT_BUNDLE_IDENTIFIER = edwingcl.WatchFace;
				PRODUCT_NAME = "$(TARGET_NAME)";
				SDKROOT = auto;
				SUPPORTED_PLATFORMS = "iphoneos iphonesimulator macosx";
				SWIFT_EMIT_LOC_STRINGS = YES;
				SWIFT_VERSION = 5.0;
				TARGETED_DEVICE_FAMILY = "1,2";
			};
			name = Debug;
		};
		A4C729362A599268004651F6 /* Release */ = {
			isa = XCBuildConfiguration;
			buildSettings = {
				ASSETCATALOG_COMPILER_APPICON_NAME = AppIcon;
				ASSETCATALOG_COMPILER_GLOBAL_ACCENT_COLOR_NAME = AccentColor;
				CODE_SIGN_ENTITLEMENTS = WatchFace/WatchFace.entitlements;
				CODE_SIGN_STYLE = Automatic;
				CURRENT_PROJECT_VERSION = 1;
				DEVELOPMENT_ASSET_PATHS = "\"WatchFace/Preview Content\"";
				ENABLE_PREVIEWS = YES;
				GENERATE_INFOPLIST_FILE = YES;
				"INFOPLIST_KEY_UIApplicationSceneManifest_Generation[sdk=iphoneos*]" = YES;
				"INFOPLIST_KEY_UIApplicationSceneManifest_Generation[sdk=iphonesimulator*]" = YES;
				"INFOPLIST_KEY_UIApplicationSupportsIndirectInputEvents[sdk=iphoneos*]" = YES;
				"INFOPLIST_KEY_UIApplicationSupportsIndirectInputEvents[sdk=iphonesimulator*]" = YES;
				"INFOPLIST_KEY_UILaunchScreen_Generation[sdk=iphoneos*]" = YES;
				"INFOPLIST_KEY_UILaunchScreen_Generation[sdk=iphonesimulator*]" = YES;
				"INFOPLIST_KEY_UIStatusBarStyle[sdk=iphoneos*]" = UIStatusBarStyleDefault;
				"INFOPLIST_KEY_UIStatusBarStyle[sdk=iphonesimulator*]" = UIStatusBarStyleDefault;
				INFOPLIST_KEY_UISupportedInterfaceOrientations_iPad = "UIInterfaceOrientationPortrait UIInterfaceOrientationPortraitUpsideDown UIInterfaceOrientationLandscapeLeft UIInterfaceOrientationLandscapeRight";
				INFOPLIST_KEY_UISupportedInterfaceOrientations_iPhone = "UIInterfaceOrientationPortrait UIInterfaceOrientationLandscapeLeft UIInterfaceOrientationLandscapeRight";
				IPHONEOS_DEPLOYMENT_TARGET = 16.2;
				LD_RUNPATH_SEARCH_PATHS = "@executable_path/Frameworks";
				"LD_RUNPATH_SEARCH_PATHS[sdk=macosx*]" = "@executable_path/../Frameworks";
				MACOSX_DEPLOYMENT_TARGET = 12.5;
				MARKETING_VERSION = 1.0;
				PRODUCT_BUNDLE_IDENTIFIER = edwingcl.WatchFace;
				PRODUCT_NAME = "$(TARGET_NAME)";
				SDKROOT = auto;
				SUPPORTED_PLATFORMS = "iphoneos iphonesimulator macosx";
				SWIFT_EMIT_LOC_STRINGS = YES;
				SWIFT_VERSION = 5.0;
				TARGETED_DEVICE_FAMILY = "1,2";
			};
			name = Release;
		};
		A4C729382A599268004651F6 /* Debug */ = {
			isa = XCBuildConfiguration;
			buildSettings = {
				ALWAYS_EMBED_SWIFT_STANDARD_LIBRARIES = YES;
				BUNDLE_LOADER = "$(TEST_HOST)";
				CODE_SIGN_STYLE = Automatic;
				CURRENT_PROJECT_VERSION = 1;
				GENERATE_INFOPLIST_FILE = YES;
				IPHONEOS_DEPLOYMENT_TARGET = 16.2;
				MACOSX_DEPLOYMENT_TARGET = 12.5;
				MARKETING_VERSION = 1.0;
				PRODUCT_BUNDLE_IDENTIFIER = edwingcl.WatchFaceTests;
				PRODUCT_NAME = "$(TARGET_NAME)";
				SDKROOT = auto;
				SUPPORTED_PLATFORMS = "iphoneos iphonesimulator macosx";
				SWIFT_EMIT_LOC_STRINGS = NO;
				SWIFT_VERSION = 5.0;
				TARGETED_DEVICE_FAMILY = "1,2";
				TEST_HOST = "$(BUILT_PRODUCTS_DIR)/WatchFace.app/$(BUNDLE_EXECUTABLE_FOLDER_PATH)/WatchFace";
			};
			name = Debug;
		};
		A4C729392A599268004651F6 /* Release */ = {
			isa = XCBuildConfiguration;
			buildSettings = {
				ALWAYS_EMBED_SWIFT_STANDARD_LIBRARIES = YES;
				BUNDLE_LOADER = "$(TEST_HOST)";
				CODE_SIGN_STYLE = Automatic;
				CURRENT_PROJECT_VERSION = 1;
				GENERATE_INFOPLIST_FILE = YES;
				IPHONEOS_DEPLOYMENT_TARGET = 16.2;
				MACOSX_DEPLOYMENT_TARGET = 12.5;
				MARKETING_VERSION = 1.0;
				PRODUCT_BUNDLE_IDENTIFIER = edwingcl.WatchFaceTests;
				PRODUCT_NAME = "$(TARGET_NAME)";
				SDKROOT = auto;
				SUPPORTED_PLATFORMS = "iphoneos iphonesimulator macosx";
				SWIFT_EMIT_LOC_STRINGS = NO;
				SWIFT_VERSION = 5.0;
				TARGETED_DEVICE_FAMILY = "1,2";
				TEST_HOST = "$(BUILT_PRODUCTS_DIR)/WatchFace.app/$(BUNDLE_EXECUTABLE_FOLDER_PATH)/WatchFace";
			};
			name = Release;
		};
		A4C7293B2A599268004651F6 /* Debug */ = {
			isa = XCBuildConfiguration;
			buildSettings = {
				ALWAYS_EMBED_SWIFT_STANDARD_LIBRARIES = YES;
				CODE_SIGN_STYLE = Automatic;
				CURRENT_PROJECT_VERSION = 1;
				GENERATE_INFOPLIST_FILE = YES;
				IPHONEOS_DEPLOYMENT_TARGET = 16.2;
				MACOSX_DEPLOYMENT_TARGET = 12.5;
				MARKETING_VERSION = 1.0;
				PRODUCT_BUNDLE_IDENTIFIER = edwingcl.WatchFaceUITests;
				PRODUCT_NAME = "$(TARGET_NAME)";
				SDKROOT = auto;
				SUPPORTED_PLATFORMS = "iphoneos iphonesimulator macosx";
				SWIFT_EMIT_LOC_STRINGS = NO;
				SWIFT_VERSION = 5.0;
				TARGETED_DEVICE_FAMILY = "1,2";
				TEST_TARGET_NAME = WatchFace;
			};
			name = Debug;
		};
		A4C7293C2A599268004651F6 /* Release */ = {
			isa = XCBuildConfiguration;
			buildSettings = {
				ALWAYS_EMBED_SWIFT_STANDARD_LIBRARIES = YES;
				CODE_SIGN_STYLE = Automatic;
				CURRENT_PROJECT_VERSION = 1;
				GENERATE_INFOPLIST_FILE = YES;
				IPHONEOS_DEPLOYMENT_TARGET = 16.2;
				MACOSX_DEPLOYMENT_TARGET = 12.5;
				MARKETING_VERSION = 1.0;
				PRODUCT_BUNDLE_IDENTIFIER = edwingcl.WatchFaceUITests;
				PRODUCT_NAME = "$(TARGET_NAME)";
				SDKROOT = auto;
				SUPPORTED_PLATFORMS = "iphoneos iphonesimulator macosx";
				SWIFT_EMIT_LOC_STRINGS = NO;
				SWIFT_VERSION = 5.0;
				TARGETED_DEVICE_FAMILY = "1,2";
				TEST_TARGET_NAME = WatchFace;
			};
			name = Release;
		};
/* End XCBuildConfiguration section */

/* Begin XCConfigurationList section */
		A4C729052A599267004651F6 /* Build configuration list for PBXProject "WatchFace" */ = {
			isa = XCConfigurationList;
			buildConfigurations = (
				A4C729322A599268004651F6 /* Debug */,
				A4C729332A599268004651F6 /* Release */,
			);
			defaultConfigurationIsVisible = 0;
			defaultConfigurationName = Release;
		};
		A4C729342A599268004651F6 /* Build configuration list for PBXNativeTarget "WatchFace" */ = {
			isa = XCConfigurationList;
			buildConfigurations = (
				A4C729352A599268004651F6 /* Debug */,
				A4C729362A599268004651F6 /* Release */,
			);
			defaultConfigurationIsVisible = 0;
			defaultConfigurationName = Release;
		};
		A4C729372A599268004651F6 /* Build configuration list for PBXNativeTarget "WatchFaceTests" */ = {
			isa = XCConfigurationList;
			buildConfigurations = (
				A4C729382A599268004651F6 /* Debug */,
				A4C729392A599268004651F6 /* Release */,
			);
			defaultConfigurationIsVisible = 0;
			defaultConfigurationName = Release;
		};
		A4C7293A2A599268004651F6 /* Build configuration list for PBXNativeTarget "WatchFaceUITests" */ = {
			isa = XCConfigurationList;
			buildConfigurations = (
				A4C7293B2A599268004651F6 /* Debug */,
				A4C7293C2A599268004651F6 /* Release */,
			);
			defaultConfigurationIsVisible = 0;
			defaultConfigurationName = Release;
		};
/* End XCConfigurationList section */

/* Begin XCVersionGroup section */
		A4C729112A599267004651F6 /* WatchFace.xcdatamodeld */ = {
			isa = XCVersionGroup;
			children = (
				A4C729122A599267004651F6 /* WatchFace.xcdatamodel */,
			);
			currentVersion = A4C729122A599267004651F6 /* WatchFace.xcdatamodel */;
			path = WatchFace.xcdatamodeld;
			sourceTree = "<group>";
			versionGroupType = wrapper.xcdatamodel;
		};
/* End XCVersionGroup section */
	};
	rootObject = A4C729022A599267004651F6 /* Project object */;
}
